
Microsoft Visual Studio Solution File, Format Version 12.00
# Visual Studio 14
VisualStudioVersion = 14.0.25420.1
MinimumVisualStudioVersion = 10.0.40219.1
Project("{2150E333-8FDC-42A3-9474-1A3956D46DE8}") = "Solution Items", "Solution Items", "{D7065F8C-F44A-4F73-B99D-83BC5F512F5E}"
	ProjectSection(SolutionItems) = preProject
		.gitignore = .gitignore
		README.md = README.md
	EndProjectSection
EndProject
Project("{FAE04EC0-301F-11D3-BF4B-00C04F79EFBC}") = "Alexa.Demo.Models", "Alexa.Demo.Models\Alexa.Demo.Models.csproj", "{0F8E0C46-29F4-4A94-A307-67D066EE66A2}"
EndProject
Project("{FAE04EC0-301F-11D3-BF4B-00C04F79EFBC}") = "Alexa.Demo.Web", "Alexa.Demo.Web\Alexa.Demo.Web.csproj", "{4BF5D384-8AD5-417F-B111-9BF30A520909}"
EndProject
Project("{FAE04EC0-301F-11D3-BF4B-00C04F79EFBC}") = "Amazon.Alexa.SDK", "Amazon.Alexa.SDK\Amazon.Alexa.SDK.csproj", "{26939404-D008-43FE-8553-8696848EB189}"
EndProject
Global
	GlobalSection(SolutionConfigurationPlatforms) = preSolution
		Debug|Any CPU = Debug|Any CPU
		Release|Any CPU = Release|Any CPU
	EndGlobalSection
	GlobalSection(ProjectConfigurationPlatforms) = postSolution
		{0F8E0C46-29F4-4A94-A307-67D066EE66A2}.Debug|Any CPU.ActiveCfg = Debug|Any CPU
		{0F8E0C46-29F4-4A94-A307-67D066EE66A2}.Debug|Any CPU.Build.0 = Debug|Any CPU
		{0F8E0C46-29F4-4A94-A307-67D066EE66A2}.Release|Any CPU.ActiveCfg = Release|Any CPU
		{0F8E0C46-29F4-4A94-A307-67D066EE66A2}.Release|Any CPU.Build.0 = Release|Any CPU
		{4BF5D384-8AD5-417F-B111-9BF30A520909}.Debug|Any CPU.ActiveCfg = Debug|Any CPU
		{4BF5D384-8AD5-417F-B111-9BF30A520909}.Debug|Any CPU.Build.0 = Debug|Any CPU
		{4BF5D384-8AD5-417F-B111-9BF30A520909}.Release|Any CPU.ActiveCfg = Release|Any CPU
		{4BF5D384-8AD5-417F-B111-9BF30A520909}.Release|Any CPU.Build.0 = Release|Any CPU
		{26939404-D008-43FE-8553-8696848EB189}.Debug|Any CPU.ActiveCfg = Debug|Any CPU
		{26939404-D008-43FE-8553-8696848EB189}.Debug|Any CPU.Build.0 = Debug|Any CPU
		{26939404-D008-43FE-8553-8696848EB189}.Release|Any CPU.ActiveCfg = Release|Any CPU
		{26939404-D008-43FE-8553-8696848EB189}.Release|Any CPU.Build.0 = Release|Any CPU
	EndGlobalSection
	GlobalSection(SolutionProperties) = preSolution
		HideSolutionNode = FALSE
	EndGlobalSection
EndGlobal
